# This file is autogenerated, do not edit; changes may be undone by the next 'dep ensure'.


[[projects]]
  name = "github.com/DATA-DOG/go-sqlmock"
  packages = ["."]
  revision = "195e16a08d4dcb99e6ec59d00af4aecbaf8f44a3"
  version = "v1.3.1"

[solve-meta]
  analyzer-name = "dep"
  analyzer-version = 1
  inputs-digest = "988d3551024f0c7c7eb0c26b50b95e2f2d9ac8d7e71f35f5e3b226afc317987f"
  solver-name = "gps-cdcl"
  solver-version = 1
